// !$*UTF8*$!
{
	archiveVersion = 1;
	classes = {
	};
	objectVersion = 46;
	objects = {

/* Begin PBXBuildFile section */
		D1063B721C55E46D005C3C7D /* main.cpp in Sources */ = {isa = PBXBuildFile; fileRef = D1063B711C55E46D005C3C7D /* main.cpp */; };
		D1063B741C55E46D005C3C7D /* Makefile in Sources */ = {isa = PBXBuildFile; fileRef = D1063B731C55E46D005C3C7D /* Makefile */; };
		D1063C051C55E545005C3C7D /* LinearControllers.cpp in Sources */ = {isa = PBXBuildFile; fileRef = D1063C031C55E545005C3C7D /* LinearControllers.cpp */; };
		D1063C081C55E624005C3C7D /* Flight.cpp in Sources */ = {isa = PBXBuildFile; fileRef = D1063C061C55E624005C3C7D /* Flight.cpp */; };
		D1063C121C55E6E8005C3C7D /* gpio.cpp in Sources */ = {isa = PBXBuildFile; fileRef = D1063C101C55E6E8005C3C7D /* gpio.cpp */; };
		D1063C191C55E7F7005C3C7D /* I2Cdev.cpp in Sources */ = {isa = PBXBuildFile; fileRef = D1063C131C55E7F7005C3C7D /* I2Cdev.cpp */; };
		D1063C1A1C55E7F7005C3C7D /* MadgwickAHRS.c in Sources */ = {isa = PBXBuildFile; fileRef = D1063C151C55E7F7005C3C7D /* MadgwickAHRS.c */; };
		D1063C1B1C55E7F7005C3C7D /* MPU9250.cpp in Sources */ = {isa = PBXBuildFile; fileRef = D1063C171C55E7F7005C3C7D /* MPU9250.cpp */; };
/* End PBXBuildFile section */

/* Begin PBXFileReference section */
		D1063B6E1C55E46D005C3C7D /* Index */ = {isa = PBXFileReference; explicitFileType = "compiled.mach-o.executable"; includeInIndex = 0; path = Index; sourceTree = BUILT_PRODUCTS_DIR; };
		D1063B711C55E46D005C3C7D /* main.cpp */ = {isa = PBXFileReference; lastKnownFileType = sourcecode.cpp.cpp; path = main.cpp; sourceTree = "<group>"; };
		D1063B731C55E46D005C3C7D /* Makefile */ = {isa = PBXFileReference; lastKnownFileType = sourcecode.make; path = Makefile; sourceTree = "<group>"; };
		D1063B751C55E46D005C3C7D /* ReadMe.txt */ = {isa = PBXFileReference; lastKnownFileType = text; path = ReadMe.txt; sourceTree = "<group>"; };
		D1063B771C55E46D005C3C7D /* Sketchbook.txt */ = {isa = PBXFileReference; lastKnownFileType = text; name = Sketchbook.txt; path = Sketchbook/Sketchbook.txt; sourceTree = "<group>"; };
		D1063B791C55E46D005C3C7D /* 4D Systems PICadillo 35T.xcconfig */ = {isa = PBXFileReference; lastKnownFileType = text.xcconfig; name = "4D Systems PICadillo 35T.xcconfig"; path = "Configurations/4D Systems PICadillo 35T.xcconfig"; sourceTree = "<group>"; };
		D1063B7A1C55E46D005C3C7D /* Adafruit Pro Trinket 3V-12MHz.xcconfig */ = {isa = PBXFileReference; lastKnownFileType = text.xcconfig; name = "Adafruit Pro Trinket 3V-12MHz.xcconfig"; path = "Configurations/Adafruit Pro Trinket 3V-12MHz.xcconfig"; sourceTree = "<group>"; };
		D1063B7B1C55E46D005C3C7D /* Adafruit Pro Trinket 5V-16MHz.xcconfig */ = {isa = PBXFileReference; lastKnownFileType = text.xcconfig; name = "Adafruit Pro Trinket 5V-16MHz.xcconfig"; path = "Configurations/Adafruit Pro Trinket 5V-16MHz.xcconfig"; sourceTree = "<group>"; };
		D1063B7C1C55E46D005C3C7D /* Adafruit Trinket 3V-8MHz.xcconfig */ = {isa = PBXFileReference; lastKnownFileType = text.xcconfig; name = "Adafruit Trinket 3V-8MHz.xcconfig"; path = "Configurations/Adafruit Trinket 3V-8MHz.xcconfig"; sourceTree = "<group>"; };
		D1063B7D1C55E46D005C3C7D /* Adafruit Trinket 5V-16MHz.xcconfig */ = {isa = PBXFileReference; lastKnownFileType = text.xcconfig; name = "Adafruit Trinket 5V-16MHz.xcconfig"; path = "Configurations/Adafruit Trinket 5V-16MHz.xcconfig"; sourceTree = "<group>"; };
		D1063B7E1C55E46D005C3C7D /* Arduino Due (Native USB Port).xcconfig */ = {isa = PBXFileReference; lastKnownFileType = text.xcconfig; name = "Arduino Due (Native USB Port).xcconfig"; path = "Configurations/Arduino Due (Native USB Port).xcconfig"; sourceTree = "<group>"; };
		D1063B7F1C55E46D005C3C7D /* Arduino Due (Programming Port).xcconfig */ = {isa = PBXFileReference; lastKnownFileType = text.xcconfig; name = "Arduino Due (Programming Port).xcconfig"; path = "Configurations/Arduino Due (Programming Port).xcconfig"; sourceTree = "<group>"; };
		D1063B801C55E46D005C3C7D /* Arduino Duemilanove.xcconfig */ = {isa = PBXFileReference; lastKnownFileType = text.xcconfig; name = "Arduino Duemilanove.xcconfig"; path = "Configurations/Arduino Duemilanove.xcconfig"; sourceTree = "<group>"; };
		D1063B811C55E46D005C3C7D /* Arduino Leonardo.xcconfig */ = {isa = PBXFileReference; lastKnownFileType = text.xcconfig; name = "Arduino Leonardo.xcconfig"; path = "Configurations/Arduino Leonardo.xcconfig"; sourceTree = "<group>"; };
		D1063B821C55E46D005C3C7D /* Arduino Mega 2560.xcconfig */ = {isa = PBXFileReference; lastKnownFileType = text.xcconfig; name = "Arduino Mega 2560.xcconfig"; path = "Configurations/Arduino Mega 2560.xcconfig"; sourceTree = "<group>"; };
		D1063B831C55E46D005C3C7D /* Arduino Micro.xcconfig */ = {isa = PBXFileReference; lastKnownFileType = text.xcconfig; name = "Arduino Micro.xcconfig"; path = "Configurations/Arduino Micro.xcconfig"; sourceTree = "<group>"; };
		D1063B841C55E46D005C3C7D /* Arduino Pro ATmega328-3.3V.xcconfig */ = {isa = PBXFileReference; lastKnownFileType = text.xcconfig; name = "Arduino Pro ATmega328-3.3V.xcconfig"; path = "Configurations/Arduino Pro ATmega328-3.3V.xcconfig"; sourceTree = "<group>"; };
		D1063B851C55E46D005C3C7D /* Arduino Pro ATmega328-5V.xcconfig */ = {isa = PBXFileReference; lastKnownFileType = text.xcconfig; name = "Arduino Pro ATmega328-5V.xcconfig"; path = "Configurations/Arduino Pro ATmega328-5V.xcconfig"; sourceTree = "<group>"; };
		D1063B861C55E46D005C3C7D /* Arduino Mini ATmega168.xcconfig */ = {isa = PBXFileReference; lastKnownFileType = text.xcconfig; name = "Arduino Mini ATmega168.xcconfig"; path = "Configurations/Arduino Mini ATmega168.xcconfig"; sourceTree = "<group>"; };
		D1063B871C55E46D005C3C7D /* Arduino Mini ATmega328.xcconfig */ = {isa = PBXFileReference; lastKnownFileType = text.xcconfig; name = "Arduino Mini ATmega328.xcconfig"; path = "Configurations/Arduino Mini ATmega328.xcconfig"; sourceTree = "<group>"; };
		D1063B881C55E46D005C3C7D /* Arduino Nano ATmega168.xcconfig */ = {isa = PBXFileReference; lastKnownFileType = text.xcconfig; name = "Arduino Nano ATmega168.xcconfig"; path = "Configurations/Arduino Nano ATmega168.xcconfig"; sourceTree = "<group>"; };
		D1063B891C55E46D005C3C7D /* Arduino Nano ATmega328.xcconfig */ = {isa = PBXFileReference; lastKnownFileType = text.xcconfig; name = "Arduino Nano ATmega328.xcconfig"; path = "Configurations/Arduino Nano ATmega328.xcconfig"; sourceTree = "<group>"; };
		D1063B8A1C55E46D005C3C7D /* Arduino Robot Control.xcconfig */ = {isa = PBXFileReference; lastKnownFileType = text.xcconfig; name = "Arduino Robot Control.xcconfig"; path = "Configurations/Arduino Robot Control.xcconfig"; sourceTree = "<group>"; };
		D1063B8B1C55E46D005C3C7D /* Arduino Robot Motor.xcconfig */ = {isa = PBXFileReference; lastKnownFileType = text.xcconfig; name = "Arduino Robot Motor.xcconfig"; path = "Configurations/Arduino Robot Motor.xcconfig"; sourceTree = "<group>"; };
		D1063B8C1C55E46D005C3C7D /* Arduino Uno.xcconfig */ = {isa = PBXFileReference; lastKnownFileType = text.xcconfig; name = "Arduino Uno.xcconfig"; path = "Configurations/Arduino Uno.xcconfig"; sourceTree = "<group>"; };
		D1063B8D1C55E46D005C3C7D /* Arduino Yun.xcconfig */ = {isa = PBXFileReference; lastKnownFileType = text.xcconfig; name = "Arduino Yun.xcconfig"; path = "Configurations/Arduino Yun.xcconfig"; sourceTree = "<group>"; };
		D1063B8E1C55E46D005C3C7D /* ArduinoORG M0 Pro (Native USB Port).xcconfig */ = {isa = PBXFileReference; lastKnownFileType = text.xcconfig; name = "ArduinoORG M0 Pro (Native USB Port).xcconfig"; path = "Configurations/ArduinoORG M0 Pro (Native USB Port).xcconfig"; sourceTree = "<group>"; };
		D1063B8F1C55E46D005C3C7D /* ArduinoORG M0 Pro (Programming Port).xcconfig */ = {isa = PBXFileReference; lastKnownFileType = text.xcconfig; name = "ArduinoORG M0 Pro (Programming Port).xcconfig"; path = "Configurations/ArduinoORG M0 Pro (Programming Port).xcconfig"; sourceTree = "<group>"; };
		D1063B901C55E46D005C3C7D /* chipKIT DP32.xcconfig */ = {isa = PBXFileReference; lastKnownFileType = text.xcconfig; name = "chipKIT DP32.xcconfig"; path = "Configurations/chipKIT DP32.xcconfig"; sourceTree = "<group>"; };
		D1063B911C55E46D005C3C7D /* chipKIT Max32.xcconfig */ = {isa = PBXFileReference; lastKnownFileType = text.xcconfig; name = "chipKIT Max32.xcconfig"; path = "Configurations/chipKIT Max32.xcconfig"; sourceTree = "<group>"; };
		D1063B921C55E46D005C3C7D /* chipKIT uC32.xcconfig */ = {isa = PBXFileReference; lastKnownFileType = text.xcconfig; name = "chipKIT uC32.xcconfig"; path = "Configurations/chipKIT uC32.xcconfig"; sourceTree = "<group>"; };
		D1063B931C55E46D005C3C7D /* chipKIT Uno32.xcconfig */ = {isa = PBXFileReference; lastKnownFileType = text.xcconfig; name = "chipKIT Uno32.xcconfig"; path = "Configurations/chipKIT Uno32.xcconfig"; sourceTree = "<group>"; };
		D1063B941C55E46D005C3C7D /* chipKIT WF32.xcconfig */ = {isa = PBXFileReference; lastKnownFileType = text.xcconfig; name = "chipKIT WF32.xcconfig"; path = "Configurations/chipKIT WF32.xcconfig"; sourceTree = "<group>"; };
		D1063B951C55E46D005C3C7D /* chipKIT WiFire.xcconfig */ = {isa = PBXFileReference; lastKnownFileType = text.xcconfig; name = "chipKIT WiFire.xcconfig"; path = "Configurations/chipKIT WiFire.xcconfig"; sourceTree = "<group>"; };
		D1063B961C55E46D005C3C7D /* DFRobot BLuno.xcconfig */ = {isa = PBXFileReference; lastKnownFileType = text.xcconfig; name = "DFRobot BLuno.xcconfig"; path = "Configurations/DFRobot BLuno.xcconfig"; sourceTree = "<group>"; };
		D1063B971C55E46D005C3C7D /* DFRobot Wido.xcconfig */ = {isa = PBXFileReference; lastKnownFileType = text.xcconfig; name = "DFRobot Wido.xcconfig"; path = "Configurations/DFRobot Wido.xcconfig"; sourceTree = "<group>"; };
		D1063B981C55E46D005C3C7D /* Digispark Tiny Core.xcconfig */ = {isa = PBXFileReference; lastKnownFileType = text.xcconfig; name = "Digispark Tiny Core.xcconfig"; path = "Configurations/Digispark Tiny Core.xcconfig"; sourceTree = "<group>"; };
		D1063B991C55E46D005C3C7D /* ESP8266.xcconfig */ = {isa = PBXFileReference; lastKnownFileType = text.xcconfig; name = ESP8266.xcconfig; path = Configurations/ESP8266.xcconfig; sourceTree = "<group>"; };
		D1063B9A1C55E46D005C3C7D /* NodeMCU 0.9 ESP-12.xcconfig */ = {isa = PBXFileReference; lastKnownFileType = text.xcconfig; name = "NodeMCU 0.9 ESP-12.xcconfig"; path = "Configurations/NodeMCU 0.9 ESP-12.xcconfig"; sourceTree = "<group>"; };
		D1063B9B1C55E46D005C3C7D /* NodeMCU 1.0 ESP-12E.xcconfig */ = {isa = PBXFileReference; lastKnownFileType = text.xcconfig; name = "NodeMCU 1.0 ESP-12E.xcconfig"; path = "Configurations/NodeMCU 1.0 ESP-12E.xcconfig"; sourceTree = "<group>"; };
		D1063B9C1C55E46D005C3C7D /* Experimeter Board MSP430FR5739.xcconfig */ = {isa = PBXFileReference; lastKnownFileType = text.xcconfig; name = "Experimeter Board MSP430FR5739.xcconfig"; path = "Configurations/Experimeter Board MSP430FR5739.xcconfig"; sourceTree = "<group>"; };
		D1063B9D1C55E46D005C3C7D /* Intel Edison.xcconfig */ = {isa = PBXFileReference; lastKnownFileType = text.xcconfig; name = "Intel Edison.xcconfig"; path = "Configurations/Intel Edison.xcconfig"; sourceTree = "<group>"; };
		D1063B9E1C55E46D005C3C7D /* Intel Galileo.xcconfig */ = {isa = PBXFileReference; lastKnownFileType = text.xcconfig; name = "Intel Galileo.xcconfig"; path = "Configurations/Intel Galileo.xcconfig"; sourceTree = "<group>"; };
		D1063B9F1C55E46D005C3C7D /* Intel Galileo Gen2.xcconfig */ = {isa = PBXFileReference; lastKnownFileType = text.xcconfig; name = "Intel Galileo Gen2.xcconfig"; path = "Configurations/Intel Galileo Gen2.xcconfig"; sourceTree = "<group>"; };
		D1063BA01C55E46D005C3C7D /* LaunchPad MSP432P401 EMT.xcconfig */ = {isa = PBXFileReference; lastKnownFileType = text.xcconfig; name = "LaunchPad MSP432P401 EMT.xcconfig"; path = "Configurations/LaunchPad MSP432P401 EMT.xcconfig"; sourceTree = "<group>"; };
		D1063BA11C55E46D005C3C7D /* LaunchPad CC3200 WiFi.xcconfig */ = {isa = PBXFileReference; lastKnownFileType = text.xcconfig; name = "LaunchPad CC3200 WiFi.xcconfig"; path = "Configurations/LaunchPad CC3200 WiFi.xcconfig"; sourceTree = "<group>"; };
		D1063BA21C55E46D005C3C7D /* LaunchPad CC3200 WiFi EMT.xcconfig */ = {isa = PBXFileReference; lastKnownFileType = text.xcconfig; name = "LaunchPad CC3200 WiFi EMT.xcconfig"; path = "Configurations/LaunchPad CC3200 WiFi EMT.xcconfig"; sourceTree = "<group>"; };
		D1063BA31C55E46D005C3C7D /* LaunchPad LM4F120 Stellaris.xcconfig */ = {isa = PBXFileReference; lastKnownFileType = text.xcconfig; name = "LaunchPad LM4F120 Stellaris.xcconfig"; path = "Configurations/LaunchPad LM4F120 Stellaris.xcconfig"; sourceTree = "<group>"; };
		D1063BA41C55E46D005C3C7D /* LaunchPad TM4C123 Tiva C.xcconfig */ = {isa = PBXFileReference; lastKnownFileType = text.xcconfig; name = "LaunchPad TM4C123 Tiva C.xcconfig"; path = "Configurations/LaunchPad TM4C123 Tiva C.xcconfig"; sourceTree = "<group>"; };
		D1063BA51C55E46D005C3C7D /* LaunchPad TM4C129 Connected.xcconfig */ = {isa = PBXFileReference; lastKnownFileType = text.xcconfig; name = "LaunchPad TM4C129 Connected.xcconfig"; path = "Configurations/LaunchPad TM4C129 Connected.xcconfig"; sourceTree = "<group>"; };
		D1063BA61C55E46D005C3C7D /* LaunchPad MSP430G2231.xcconfig */ = {isa = PBXFileReference; lastKnownFileType = text.xcconfig; name = "LaunchPad MSP430G2231.xcconfig"; path = "Configurations/LaunchPad MSP430G2231.xcconfig"; sourceTree = "<group>"; };
		D1063BA71C55E46D005C3C7D /* LaunchPad MSP430G2452.xcconfig */ = {isa = PBXFileReference; lastKnownFileType = text.xcconfig; name = "LaunchPad MSP430G2452.xcconfig"; path = "Configurations/LaunchPad MSP430G2452.xcconfig"; sourceTree = "<group>"; };
		D1063BA81C55E46D005C3C7D /* LaunchPad MSP430G2553.xcconfig */ = {isa = PBXFileReference; lastKnownFileType = text.xcconfig; name = "LaunchPad MSP430G2553.xcconfig"; path = "Configurations/LaunchPad MSP430G2553.xcconfig"; sourceTree = "<group>"; };
		D1063BA91C55E46D005C3C7D /* LaunchPad MSP430F5529.xcconfig */ = {isa = PBXFileReference; lastKnownFileType = text.xcconfig; name = "LaunchPad MSP430F5529.xcconfig"; path = "Configurations/LaunchPad MSP430F5529.xcconfig"; sourceTree = "<group>"; };
		D1063BAA1C55E46D005C3C7D /* LaunchPad MSP430FR4133.xcconfig */ = {isa = PBXFileReference; lastKnownFileType = text.xcconfig; name = "LaunchPad MSP430FR4133.xcconfig"; path = "Configurations/LaunchPad MSP430FR4133.xcconfig"; sourceTree = "<group>"; };
		D1063BAB1C55E46D005C3C7D /* LaunchPad MSP430FR5969.xcconfig */ = {isa = PBXFileReference; lastKnownFileType = text.xcconfig; name = "LaunchPad MSP430FR5969.xcconfig"; path = "Configurations/LaunchPad MSP430FR5969.xcconfig"; sourceTree = "<group>"; };
		D1063BAC1C55E46D005C3C7D /* LaunchPad MSP430FR6989.xcconfig */ = {isa = PBXFileReference; lastKnownFileType = text.xcconfig; name = "LaunchPad MSP430FR6989.xcconfig"; path = "Configurations/LaunchPad MSP430FR6989.xcconfig"; sourceTree = "<group>"; };
		D1063BAD1C55E46D005C3C7D /* Little Robot Friends.xcconfig */ = {isa = PBXFileReference; lastKnownFileType = text.xcconfig; name = "Little Robot Friends.xcconfig"; path = "Configurations/Little Robot Friends.xcconfig"; sourceTree = "<group>"; };
		D1063BAE1C55E46D005C3C7D /* Maple Flash revision 3+.xcconfig */ = {isa = PBXFileReference; lastKnownFileType = text.xcconfig; name = "Maple Flash revision 3+.xcconfig"; path = "Configurations/Maple Flash revision 3+.xcconfig"; sourceTree = "<group>"; };
		D1063BAF1C55E46D005C3C7D /* Maple RAM revision 3+.xcconfig */ = {isa = PBXFileReference; lastKnownFileType = text.xcconfig; name = "Maple RAM revision 3+.xcconfig"; path = "Configurations/Maple RAM revision 3+.xcconfig"; sourceTree = "<group>"; };
		D1063BB01C55E46D005C3C7D /* Microduino Core STM32 Flash.xcconfig */ = {isa = PBXFileReference; lastKnownFileType = text.xcconfig; name = "Microduino Core STM32 Flash.xcconfig"; path = "Configurations/Microduino Core STM32 Flash.xcconfig"; sourceTree = "<group>"; };
		D1063BB11C55E46D005C3C7D /* Microduino Core STM32 RAM.xcconfig */ = {isa = PBXFileReference; lastKnownFileType = text.xcconfig; name = "Microduino Core STM32 RAM.xcconfig"; path = "Configurations/Microduino Core STM32 RAM.xcconfig"; sourceTree = "<group>"; };
		D1063BB21C55E46D005C3C7D /* Microduino Core USB ATmega328U4-5V.xcconfig */ = {isa = PBXFileReference; lastKnownFileType = text.xcconfig; name = "Microduino Core USB ATmega328U4-5V.xcconfig"; path = "Configurations/Microduino Core USB ATmega328U4-5V.xcconfig"; sourceTree = "<group>"; };
		D1063BB31C55E46D005C3C7D /* Microduino Core ATmega328-5V.xcconfig */ = {isa = PBXFileReference; lastKnownFileType = text.xcconfig; name = "Microduino Core ATmega328-5V.xcconfig"; path = "Configurations/Microduino Core ATmega328-5V.xcconfig"; sourceTree = "<group>"; };
		D1063BB41C55E46D005C3C7D /* Microduino Core+ ATmega644-5V.xcconfig */ = {isa = PBXFileReference; lastKnownFileType = text.xcconfig; name = "Microduino Core+ ATmega644-5V.xcconfig"; path = "Configurations/Microduino Core+ ATmega644-5V.xcconfig"; sourceTree = "<group>"; };
		D1063BB51C55E46D005C3C7D /* panStamp AVR.xcconfig */ = {isa = PBXFileReference; lastKnownFileType = text.xcconfig; name = "panStamp AVR.xcconfig"; path = "Configurations/panStamp AVR.xcconfig"; sourceTree = "<group>"; };
		D1063BB61C55E46D005C3C7D /* panStamp NRG 1.0.xcconfig */ = {isa = PBXFileReference; lastKnownFileType = text.xcconfig; name = "panStamp NRG 1.0.xcconfig"; path = "Configurations/panStamp NRG 1.0.xcconfig"; sourceTree = "<group>"; };
		D1063BB71C55E46D005C3C7D /* panStamp NRG 1.1.xcconfig */ = {isa = PBXFileReference; lastKnownFileType = text.xcconfig; name = "panStamp NRG 1.1.xcconfig"; path = "Configurations/panStamp NRG 1.1.xcconfig"; sourceTree = "<group>"; };
		D1063BB81C55E46D005C3C7D /* RedBearLab BLE Nano.xcconfig */ = {isa = PBXFileReference; lastKnownFileType = text.xcconfig; name = "RedBearLab BLE Nano.xcconfig"; path = "Configurations/RedBearLab BLE Nano.xcconfig"; sourceTree = "<group>"; };
		D1063BB91C55E46D005C3C7D /* RedBearLab nRF51822.xcconfig */ = {isa = PBXFileReference; lastKnownFileType = text.xcconfig; name = "RedBearLab nRF51822.xcconfig"; path = "Configurations/RedBearLab nRF51822.xcconfig"; sourceTree = "<group>"; };
		D1063BBA1C55E46D005C3C7D /* RedBearLab WiFi CC3200.xcconfig */ = {isa = PBXFileReference; lastKnownFileType = text.xcconfig; name = "RedBearLab WiFi CC3200.xcconfig"; path = "Configurations/RedBearLab WiFi CC3200.xcconfig"; sourceTree = "<group>"; };
		D1063BBB1C55E46D005C3C7D /* RedBearLab WiFi CC3200 EMT.xcconfig */ = {isa = PBXFileReference; lastKnownFileType = text.xcconfig; name = "RedBearLab WiFi CC3200 EMT.xcconfig"; path = "Configurations/RedBearLab WiFi CC3200 EMT.xcconfig"; sourceTree = "<group>"; };
		D1063BBC1C55E46D005C3C7D /* RedBearLab WiFi Mini CC3200.xcconfig */ = {isa = PBXFileReference; lastKnownFileType = text.xcconfig; name = "RedBearLab WiFi Mini CC3200.xcconfig"; path = "Configurations/RedBearLab WiFi Mini CC3200.xcconfig"; sourceTree = "<group>"; };
		D1063BBD1C55E46D005C3C7D /* RedBearLab WiFi Mini CC3200 EMT.xcconfig */ = {isa = PBXFileReference; lastKnownFileType = text.xcconfig; name = "RedBearLab WiFi Mini CC3200 EMT.xcconfig"; path = "Configurations/RedBearLab WiFi Mini CC3200 EMT.xcconfig"; sourceTree = "<group>"; };
		D1063BBE1C55E46D005C3C7D /* Teensy 2.0.xcconfig */ = {isa = PBXFileReference; lastKnownFileType = text.xcconfig; name = "Teensy 2.0.xcconfig"; path = "Configurations/Teensy 2.0.xcconfig"; sourceTree = "<group>"; };
		D1063BBF1C55E46D005C3C7D /* Teensy 3.0.xcconfig */ = {isa = PBXFileReference; lastKnownFileType = text.xcconfig; name = "Teensy 3.0.xcconfig"; path = "Configurations/Teensy 3.0.xcconfig"; sourceTree = "<group>"; };
		D1063BC01C55E46D005C3C7D /* Teensy 3.1.xcconfig */ = {isa = PBXFileReference; lastKnownFileType = text.xcconfig; name = "Teensy 3.1.xcconfig"; path = "Configurations/Teensy 3.1.xcconfig"; sourceTree = "<group>"; };
		D1063BC11C55E46D005C3C7D /* Teensy LC.xcconfig */ = {isa = PBXFileReference; lastKnownFileType = text.xcconfig; name = "Teensy LC.xcconfig"; path = "Configurations/Teensy LC.xcconfig"; sourceTree = "<group>"; };
		D1063BC21C55E46D005C3C7D /* Wiring S.xcconfig */ = {isa = PBXFileReference; lastKnownFileType = text.xcconfig; name = "Wiring S.xcconfig"; path = "Configurations/Wiring S.xcconfig"; sourceTree = "<group>"; };
		D1063BC41C55E46D005C3C7D /* AdafruitAVR_165.mk */ = {isa = PBXFileReference; lastKnownFileType = text; name = AdafruitAVR_165.mk; path = Makefiles/AdafruitAVR_165.mk; sourceTree = "<group>"; };
		D1063BC51C55E46D005C3C7D /* ArduinoAVR_165.mk */ = {isa = PBXFileReference; lastKnownFileType = text; name = ArduinoAVR_165.mk; path = Makefiles/ArduinoAVR_165.mk; sourceTree = "<group>"; };
		D1063BC61C55E46D005C3C7D /* ArduinoAVR_166.mk */ = {isa = PBXFileReference; lastKnownFileType = text; name = ArduinoAVR_166.mk; path = Makefiles/ArduinoAVR_166.mk; sourceTree = "<group>"; };
		D1063BC71C55E46D005C3C7D /* ArduinoAVR_177.mk */ = {isa = PBXFileReference; lastKnownFileType = text; name = ArduinoAVR_177.mk; path = Makefiles/ArduinoAVR_177.mk; sourceTree = "<group>"; };
		D1063BC81C55E46D005C3C7D /* ArduinoSAM_165.mk */ = {isa = PBXFileReference; lastKnownFileType = text; name = ArduinoSAM_165.mk; path = Makefiles/ArduinoSAM_165.mk; sourceTree = "<group>"; };
		D1063BC91C55E46D005C3C7D /* ArduinoSAM_177.mk */ = {isa = PBXFileReference; lastKnownFileType = text; name = ArduinoSAM_177.mk; path = Makefiles/ArduinoSAM_177.mk; sourceTree = "<group>"; };
		D1063BCA1C55E46D005C3C7D /* ArduinoSAMD_165.mk */ = {isa = PBXFileReference; lastKnownFileType = text; name = ArduinoSAMD_165.mk; path = Makefiles/ArduinoSAMD_165.mk; sourceTree = "<group>"; };
		D1063BCB1C55E46D005C3C7D /* ArduinoSAMD_177.mk */ = {isa = PBXFileReference; lastKnownFileType = text; name = ArduinoSAMD_177.mk; path = Makefiles/ArduinoSAMD_177.mk; sourceTree = "<group>"; };
		D1063BCC1C55E46D005C3C7D /* DigisparkAVR_165.mk */ = {isa = PBXFileReference; lastKnownFileType = text; name = DigisparkAVR_165.mk; path = Makefiles/DigisparkAVR_165.mk; sourceTree = "<group>"; };
		D1063BCD1C55E46D005C3C7D /* EnergiaMSP430.mk */ = {isa = PBXFileReference; lastKnownFileType = text; name = EnergiaMSP430.mk; path = Makefiles/EnergiaMSP430.mk; sourceTree = "<group>"; };
		D1063BCE1C55E46D005C3C7D /* EnergiaMSP432EMT.mk */ = {isa = PBXFileReference; lastKnownFileType = text; name = EnergiaMSP432EMT.mk; path = Makefiles/EnergiaMSP432EMT.mk; sourceTree = "<group>"; };
		D1063BCF1C55E46D005C3C7D /* EnergiaLM4F.mk */ = {isa = PBXFileReference; lastKnownFileType = text; name = EnergiaLM4F.mk; path = Makefiles/EnergiaLM4F.mk; sourceTree = "<group>"; };
		D1063BD01C55E46D005C3C7D /* EnergiaCC3200.mk */ = {isa = PBXFileReference; lastKnownFileType = text; name = EnergiaCC3200.mk; path = Makefiles/EnergiaCC3200.mk; sourceTree = "<group>"; };
		D1063BD11C55E46D005C3C7D /* EnergiaCC3200EMT.mk */ = {isa = PBXFileReference; lastKnownFileType = text; name = EnergiaCC3200EMT.mk; path = Makefiles/EnergiaCC3200EMT.mk; sourceTree = "<group>"; };
		D1063BD21C55E46D005C3C7D /* Edison_165.mk */ = {isa = PBXFileReference; lastKnownFileType = text; name = Edison_165.mk; path = Makefiles/Edison_165.mk; sourceTree = "<group>"; };
		D1063BD31C55E46D005C3C7D /* Galileo_165.mk */ = {isa = PBXFileReference; lastKnownFileType = text; name = Galileo_165.mk; path = Makefiles/Galileo_165.mk; sourceTree = "<group>"; };
		D1063BD41C55E46D005C3C7D /* ESP8266_165.mk */ = {isa = PBXFileReference; lastKnownFileType = text; name = ESP8266_165.mk; path = Makefiles/ESP8266_165.mk; sourceTree = "<group>"; };
		D1063BD51C55E46D005C3C7D /* MapleIDE.mk */ = {isa = PBXFileReference; lastKnownFileType = text; name = MapleIDE.mk; path = Makefiles/MapleIDE.mk; sourceTree = "<group>"; };
		D1063BD61C55E46D005C3C7D /* LittleRobotFriends_165.mk */ = {isa = PBXFileReference; lastKnownFileType = text; name = LittleRobotFriends_165.mk; path = Makefiles/LittleRobotFriends_165.mk; sourceTree = "<group>"; };
		D1063BD71C55E46D005C3C7D /* RedBearLabAVR_165.mk */ = {isa = PBXFileReference; lastKnownFileType = text; name = RedBearLabAVR_165.mk; path = Makefiles/RedBearLabAVR_165.mk; sourceTree = "<group>"; };
		D1063BD81C55E46D005C3C7D /* RedBearLabNRF_165.mk */ = {isa = PBXFileReference; lastKnownFileType = text; name = RedBearLabNRF_165.mk; path = Makefiles/RedBearLabNRF_165.mk; sourceTree = "<group>"; };
		D1063BD91C55E46D005C3C7D /* Microduino_16.mk */ = {isa = PBXFileReference; lastKnownFileType = text; name = Microduino_16.mk; path = Makefiles/Microduino_16.mk; sourceTree = "<group>"; };
		D1063BDA1C55E46D005C3C7D /* Mpide.mk */ = {isa = PBXFileReference; lastKnownFileType = text; name = Mpide.mk; path = Makefiles/Mpide.mk; sourceTree = "<group>"; };
		D1063BDB1C55E46D005C3C7D /* panStampAVR_165.mk */ = {isa = PBXFileReference; lastKnownFileType = text; name = panStampAVR_165.mk; path = Makefiles/panStampAVR_165.mk; sourceTree = "<group>"; };
		D1063BDC1C55E46D005C3C7D /* panStampNRG_165.mk */ = {isa = PBXFileReference; lastKnownFileType = text; name = panStampNRG_165.mk; path = Makefiles/panStampNRG_165.mk; sourceTree = "<group>"; };
		D1063BDD1C55E46D005C3C7D /* Wiring.mk */ = {isa = PBXFileReference; lastKnownFileType = text; name = Wiring.mk; path = Makefiles/Wiring.mk; sourceTree = "<group>"; };
		D1063BDE1C55E46D005C3C7D /* About.mk */ = {isa = PBXFileReference; lastKnownFileType = text; name = About.mk; path = Makefiles/About.mk; sourceTree = "<group>"; };
		D1063BDF1C55E46D005C3C7D /* Step1.mk */ = {isa = PBXFileReference; lastKnownFileType = text; name = Step1.mk; path = Makefiles/Step1.mk; sourceTree = "<group>"; };
		D1063BE01C55E46D005C3C7D /* Step2.mk */ = {isa = PBXFileReference; lastKnownFileType = text; name = Step2.mk; path = Makefiles/Step2.mk; sourceTree = "<group>"; };
		D1063BE11C55E46D005C3C7D /* Teensy.mk */ = {isa = PBXFileReference; lastKnownFileType = text; name = Teensy.mk; path = Makefiles/Teensy.mk; sourceTree = "<group>"; };
		D1063BE21C55E46D005C3C7D /* Teensy2.mk */ = {isa = PBXFileReference; lastKnownFileType = text; name = Teensy2.mk; path = Makefiles/Teensy2.mk; sourceTree = "<group>"; };
		D1063BE31C55E46D005C3C7D /* Teensy3.mk */ = {isa = PBXFileReference; lastKnownFileType = text; name = Teensy3.mk; path = Makefiles/Teensy3.mk; sourceTree = "<group>"; };
		D1063BE41C55E46D005C3C7D /* Avrdude.mk */ = {isa = PBXFileReference; lastKnownFileType = text; name = Avrdude.mk; path = Makefiles/Avrdude.mk; sourceTree = "<group>"; };
		D1063BE61C55E46D005C3C7D /* reset_maple.py */ = {isa = PBXFileReference; lastKnownFileType = text.script.python; name = reset_maple.py; path = Utilities/reset_maple.py; sourceTree = "<group>"; };
		D1063BE71C55E46D005C3C7D /* reset_1200.py */ = {isa = PBXFileReference; lastKnownFileType = text.script.python; name = reset_1200.py; path = Utilities/reset_1200.py; sourceTree = "<group>"; };
		D1063BE81C55E46D005C3C7D /* embedXcode_prepare */ = {isa = PBXFileReference; lastKnownFileType = "compiled.mach-o.executable"; name = embedXcode_prepare; path = Utilities/embedXcode_prepare; sourceTree = "<group>"; };
		D1063BE91C55E46D005C3C7D /* embedXcode_check */ = {isa = PBXFileReference; lastKnownFileType = "compiled.mach-o.executable"; name = embedXcode_check; path = Utilities/embedXcode_check; sourceTree = "<group>"; };
		D1063BEA1C55E46D005C3C7D /* embedXcode_chrono */ = {isa = PBXFileReference; lastKnownFileType = "compiled.mach-o.executable"; name = embedXcode_chrono; path = Utilities/embedXcode_chrono; sourceTree = "<group>"; };
		D1063BEB1C55E46D005C3C7D /* TemplateIcon.icns */ = {isa = PBXFileReference; lastKnownFileType = image.icns; name = TemplateIcon.icns; path = Utilities/TemplateIcon.icns; sourceTree = "<group>"; };
		D1063BEC1C55E46D005C3C7D /* uploader_izmir.sh */ = {isa = PBXFileReference; lastKnownFileType = text.script.sh; name = uploader_izmir.sh; path = Utilities/uploader_izmir.sh; sourceTree = "<group>"; };
		D1063BED1C55E46D005C3C7D /* Solar_Airplane.ino */ = {isa = PBXFileReference; explicitFileType = sourcecode.cpp.cpp; path = Solar_Airplane.ino; sourceTree = "<group>"; xcLanguageSpecificationIdentifier = xcode.lang.cpp; };
		D1063C031C55E545005C3C7D /* LinearControllers.cpp */ = {isa = PBXFileReference; fileEncoding = 4; lastKnownFileType = sourcecode.cpp.cpp; name = LinearControllers.cpp; path = src/LinearControllers.cpp; sourceTree = "<group>"; };
		D1063C041C55E545005C3C7D /* LinearControllers.h */ = {isa = PBXFileReference; fileEncoding = 4; lastKnownFileType = sourcecode.c.h; name = LinearControllers.h; path = src/LinearControllers.h; sourceTree = "<group>"; };
		D1063C061C55E624005C3C7D /* Flight.cpp */ = {isa = PBXFileReference; fileEncoding = 4; lastKnownFileType = sourcecode.cpp.cpp; name = Flight.cpp; path = src/Flight.cpp; sourceTree = "<group>"; };
		D1063C071C55E624005C3C7D /* Flight.h */ = {isa = PBXFileReference; fileEncoding = 4; lastKnownFileType = sourcecode.c.h; name = Flight.h; path = src/Flight.h; sourceTree = "<group>"; };
		D1063C101C55E6E8005C3C7D /* gpio.cpp */ = {isa = PBXFileReference; fileEncoding = 4; lastKnownFileType = sourcecode.cpp.cpp; name = gpio.cpp; path = src/gpio.cpp; sourceTree = "<group>"; };
		D1063C111C55E6E8005C3C7D /* gpio.h */ = {isa = PBXFileReference; fileEncoding = 4; lastKnownFileType = sourcecode.c.h; name = gpio.h; path = src/gpio.h; sourceTree = "<group>"; };
		D1063C131C55E7F7005C3C7D /* I2Cdev.cpp */ = {isa = PBXFileReference; fileEncoding = 4; lastKnownFileType = sourcecode.cpp.cpp; name = I2Cdev.cpp; path = src/Drivers/I2Cdev.cpp; sourceTree = "<group>"; };
		D1063C141C55E7F7005C3C7D /* I2Cdev.h */ = {isa = PBXFileReference; fileEncoding = 4; lastKnownFileType = sourcecode.c.h; name = I2Cdev.h; path = src/Drivers/I2Cdev.h; sourceTree = "<group>"; };
		D1063C151C55E7F7005C3C7D /* MadgwickAHRS.c */ = {isa = PBXFileReference; fileEncoding = 4; lastKnownFileType = sourcecode.c.c; name = MadgwickAHRS.c; path = src/Drivers/MadgwickAHRS.c; sourceTree = "<group>"; };
		D1063C161C55E7F7005C3C7D /* MadgwickAHRS.h */ = {isa = PBXFileReference; fileEncoding = 4; lastKnownFileType = sourcecode.c.h; name = MadgwickAHRS.h; path = src/Drivers/MadgwickAHRS.h; sourceTree = "<group>"; };
		D1063C171C55E7F7005C3C7D /* MPU9250.cpp */ = {isa = PBXFileReference; fileEncoding = 4; lastKnownFileType = sourcecode.cpp.cpp; name = MPU9250.cpp; path = src/Drivers/MPU9250.cpp; sourceTree = "<group>"; };
		D1063C181C55E7F7005C3C7D /* MPU9250.h */ = {isa = PBXFileReference; fileEncoding = 4; lastKnownFileType = sourcecode.c.h; name = MPU9250.h; path = src/Drivers/MPU9250.h; sourceTree = "<group>"; };
		D116DC251C602FDC008E8268 /* Vector.h */ = {isa = PBXFileReference; lastKnownFileType = sourcecode.c.h; name = Vector.h; path = src/Vector.h; sourceTree = "<group>"; };
/* End PBXFileReference section */

/* Begin PBXGroup section */
		D1063B621C55E46D005C3C7D = {
			isa = PBXGroup;
			children = (
				D1063B701C55E46D005C3C7D /* Solar Airplane */,
				D1063B6F1C55E46D005C3C7D /* Products */,
			);
			sourceTree = "<group>";
		};
		D1063B6F1C55E46D005C3C7D /* Products */ = {
			isa = PBXGroup;
			children = (
				D1063B6E1C55E46D005C3C7D /* Index */,
			);
			name = Products;
			sourceTree = "<group>";
		};
		D1063B701C55E46D005C3C7D /* Solar Airplane */ = {
			isa = PBXGroup;
			children = (
				D1063C021C55E4AB005C3C7D /* src */,
				D1063B711C55E46D005C3C7D /* main.cpp */,
				D1063B731C55E46D005C3C7D /* Makefile */,
				D1063B751C55E46D005C3C7D /* ReadMe.txt */,
				D1063BED1C55E46D005C3C7D /* Solar_Airplane.ino */,
				D1063B761C55E46D005C3C7D /* Sketchbook */,
				D1063B781C55E46D005C3C7D /* Configurations */,
				D1063BC31C55E46D005C3C7D /* Makefiles */,
				D1063BE51C55E46D005C3C7D /* Utilities */,
			);
			path = "Solar Airplane";
			sourceTree = "<group>";
		};
		D1063B761C55E46D005C3C7D /* Sketchbook */ = {
			isa = PBXGroup;
			children = (
				D1063B771C55E46D005C3C7D /* Sketchbook.txt */,
			);
			name = Sketchbook;
			sourceTree = "<group>";
		};
		D1063B781C55E46D005C3C7D /* Configurations */ = {
			isa = PBXGroup;
			children = (
				D1063B791C55E46D005C3C7D /* 4D Systems PICadillo 35T.xcconfig */,
				D1063B7A1C55E46D005C3C7D /* Adafruit Pro Trinket 3V-12MHz.xcconfig */,
				D1063B7B1C55E46D005C3C7D /* Adafruit Pro Trinket 5V-16MHz.xcconfig */,
				D1063B7C1C55E46D005C3C7D /* Adafruit Trinket 3V-8MHz.xcconfig */,
				D1063B7D1C55E46D005C3C7D /* Adafruit Trinket 5V-16MHz.xcconfig */,
				D1063B7E1C55E46D005C3C7D /* Arduino Due (Native USB Port).xcconfig */,
				D1063B7F1C55E46D005C3C7D /* Arduino Due (Programming Port).xcconfig */,
				D1063B801C55E46D005C3C7D /* Arduino Duemilanove.xcconfig */,
				D1063B811C55E46D005C3C7D /* Arduino Leonardo.xcconfig */,
				D1063B821C55E46D005C3C7D /* Arduino Mega 2560.xcconfig */,
				D1063B831C55E46D005C3C7D /* Arduino Micro.xcconfig */,
				D1063B841C55E46D005C3C7D /* Arduino Pro ATmega328-3.3V.xcconfig */,
				D1063B851C55E46D005C3C7D /* Arduino Pro ATmega328-5V.xcconfig */,
				D1063B861C55E46D005C3C7D /* Arduino Mini ATmega168.xcconfig */,
				D1063B871C55E46D005C3C7D /* Arduino Mini ATmega328.xcconfig */,
				D1063B881C55E46D005C3C7D /* Arduino Nano ATmega168.xcconfig */,
				D1063B891C55E46D005C3C7D /* Arduino Nano ATmega328.xcconfig */,
				D1063B8A1C55E46D005C3C7D /* Arduino Robot Control.xcconfig */,
				D1063B8B1C55E46D005C3C7D /* Arduino Robot Motor.xcconfig */,
				D1063B8C1C55E46D005C3C7D /* Arduino Uno.xcconfig */,
				D1063B8D1C55E46D005C3C7D /* Arduino Yun.xcconfig */,
				D1063B8E1C55E46D005C3C7D /* ArduinoORG M0 Pro (Native USB Port).xcconfig */,
				D1063B8F1C55E46D005C3C7D /* ArduinoORG M0 Pro (Programming Port).xcconfig */,
				D1063B901C55E46D005C3C7D /* chipKIT DP32.xcconfig */,
				D1063B911C55E46D005C3C7D /* chipKIT Max32.xcconfig */,
				D1063B921C55E46D005C3C7D /* chipKIT uC32.xcconfig */,
				D1063B931C55E46D005C3C7D /* chipKIT Uno32.xcconfig */,
				D1063B941C55E46D005C3C7D /* chipKIT WF32.xcconfig */,
				D1063B951C55E46D005C3C7D /* chipKIT WiFire.xcconfig */,
				D1063B961C55E46D005C3C7D /* DFRobot BLuno.xcconfig */,
				D1063B971C55E46D005C3C7D /* DFRobot Wido.xcconfig */,
				D1063B981C55E46D005C3C7D /* Digispark Tiny Core.xcconfig */,
				D1063B991C55E46D005C3C7D /* ESP8266.xcconfig */,
				D1063B9A1C55E46D005C3C7D /* NodeMCU 0.9 ESP-12.xcconfig */,
				D1063B9B1C55E46D005C3C7D /* NodeMCU 1.0 ESP-12E.xcconfig */,
				D1063B9C1C55E46D005C3C7D /* Experimeter Board MSP430FR5739.xcconfig */,
				D1063B9D1C55E46D005C3C7D /* Intel Edison.xcconfig */,
				D1063B9E1C55E46D005C3C7D /* Intel Galileo.xcconfig */,
				D1063B9F1C55E46D005C3C7D /* Intel Galileo Gen2.xcconfig */,
				D1063BA01C55E46D005C3C7D /* LaunchPad MSP432P401 EMT.xcconfig */,
				D1063BA11C55E46D005C3C7D /* LaunchPad CC3200 WiFi.xcconfig */,
				D1063BA21C55E46D005C3C7D /* LaunchPad CC3200 WiFi EMT.xcconfig */,
				D1063BA31C55E46D005C3C7D /* LaunchPad LM4F120 Stellaris.xcconfig */,
				D1063BA41C55E46D005C3C7D /* LaunchPad TM4C123 Tiva C.xcconfig */,
				D1063BA51C55E46D005C3C7D /* LaunchPad TM4C129 Connected.xcconfig */,
				D1063BA61C55E46D005C3C7D /* LaunchPad MSP430G2231.xcconfig */,
				D1063BA71C55E46D005C3C7D /* LaunchPad MSP430G2452.xcconfig */,
				D1063BA81C55E46D005C3C7D /* LaunchPad MSP430G2553.xcconfig */,
				D1063BA91C55E46D005C3C7D /* LaunchPad MSP430F5529.xcconfig */,
				D1063BAA1C55E46D005C3C7D /* LaunchPad MSP430FR4133.xcconfig */,
				D1063BAB1C55E46D005C3C7D /* LaunchPad MSP430FR5969.xcconfig */,
				D1063BAC1C55E46D005C3C7D /* LaunchPad MSP430FR6989.xcconfig */,
				D1063BAD1C55E46D005C3C7D /* Little Robot Friends.xcconfig */,
				D1063BAE1C55E46D005C3C7D /* Maple Flash revision 3+.xcconfig */,
				D1063BAF1C55E46D005C3C7D /* Maple RAM revision 3+.xcconfig */,
				D1063BB01C55E46D005C3C7D /* Microduino Core STM32 Flash.xcconfig */,
				D1063BB11C55E46D005C3C7D /* Microduino Core STM32 RAM.xcconfig */,
				D1063BB21C55E46D005C3C7D /* Microduino Core USB ATmega328U4-5V.xcconfig */,
				D1063BB31C55E46D005C3C7D /* Microduino Core ATmega328-5V.xcconfig */,
				D1063BB41C55E46D005C3C7D /* Microduino Core+ ATmega644-5V.xcconfig */,
				D1063BB51C55E46D005C3C7D /* panStamp AVR.xcconfig */,
				D1063BB61C55E46D005C3C7D /* panStamp NRG 1.0.xcconfig */,
				D1063BB71C55E46D005C3C7D /* panStamp NRG 1.1.xcconfig */,
				D1063BB81C55E46D005C3C7D /* RedBearLab BLE Nano.xcconfig */,
				D1063BB91C55E46D005C3C7D /* RedBearLab nRF51822.xcconfig */,
				D1063BBA1C55E46D005C3C7D /* RedBearLab WiFi CC3200.xcconfig */,
				D1063BBB1C55E46D005C3C7D /* RedBearLab WiFi CC3200 EMT.xcconfig */,
				D1063BBC1C55E46D005C3C7D /* RedBearLab WiFi Mini CC3200.xcconfig */,
				D1063BBD1C55E46D005C3C7D /* RedBearLab WiFi Mini CC3200 EMT.xcconfig */,
				D1063BBE1C55E46D005C3C7D /* Teensy 2.0.xcconfig */,
				D1063BBF1C55E46D005C3C7D /* Teensy 3.0.xcconfig */,
				D1063BC01C55E46D005C3C7D /* Teensy 3.1.xcconfig */,
				D1063BC11C55E46D005C3C7D /* Teensy LC.xcconfig */,
				D1063BC21C55E46D005C3C7D /* Wiring S.xcconfig */,
			);
			name = Configurations;
			sourceTree = "<group>";
		};
		D1063BC31C55E46D005C3C7D /* Makefiles */ = {
			isa = PBXGroup;
			children = (
				D1063BC41C55E46D005C3C7D /* AdafruitAVR_165.mk */,
				D1063BC51C55E46D005C3C7D /* ArduinoAVR_165.mk */,
				D1063BC61C55E46D005C3C7D /* ArduinoAVR_166.mk */,
				D1063BC71C55E46D005C3C7D /* ArduinoAVR_177.mk */,
				D1063BC81C55E46D005C3C7D /* ArduinoSAM_165.mk */,
				D1063BC91C55E46D005C3C7D /* ArduinoSAM_177.mk */,
				D1063BCA1C55E46D005C3C7D /* ArduinoSAMD_165.mk */,
				D1063BCB1C55E46D005C3C7D /* ArduinoSAMD_177.mk */,
				D1063BCC1C55E46D005C3C7D /* DigisparkAVR_165.mk */,
				D1063BCD1C55E46D005C3C7D /* EnergiaMSP430.mk */,
				D1063BCE1C55E46D005C3C7D /* EnergiaMSP432EMT.mk */,
				D1063BCF1C55E46D005C3C7D /* EnergiaLM4F.mk */,
				D1063BD01C55E46D005C3C7D /* EnergiaCC3200.mk */,
				D1063BD11C55E46D005C3C7D /* EnergiaCC3200EMT.mk */,
				D1063BD21C55E46D005C3C7D /* Edison_165.mk */,
				D1063BD31C55E46D005C3C7D /* Galileo_165.mk */,
				D1063BD41C55E46D005C3C7D /* ESP8266_165.mk */,
				D1063BD51C55E46D005C3C7D /* MapleIDE.mk */,
				D1063BD61C55E46D005C3C7D /* LittleRobotFriends_165.mk */,
				D1063BD71C55E46D005C3C7D /* RedBearLabAVR_165.mk */,
				D1063BD81C55E46D005C3C7D /* RedBearLabNRF_165.mk */,
				D1063BD91C55E46D005C3C7D /* Microduino_16.mk */,
				D1063BDA1C55E46D005C3C7D /* Mpide.mk */,
				D1063BDB1C55E46D005C3C7D /* panStampAVR_165.mk */,
				D1063BDC1C55E46D005C3C7D /* panStampNRG_165.mk */,
				D1063BDD1C55E46D005C3C7D /* Wiring.mk */,
				D1063BDE1C55E46D005C3C7D /* About.mk */,
				D1063BDF1C55E46D005C3C7D /* Step1.mk */,
				D1063BE01C55E46D005C3C7D /* Step2.mk */,
				D1063BE11C55E46D005C3C7D /* Teensy.mk */,
				D1063BE21C55E46D005C3C7D /* Teensy2.mk */,
				D1063BE31C55E46D005C3C7D /* Teensy3.mk */,
				D1063BE41C55E46D005C3C7D /* Avrdude.mk */,
			);
			name = Makefiles;
			sourceTree = "<group>";
		};
		D1063BE51C55E46D005C3C7D /* Utilities */ = {
			isa = PBXGroup;
			children = (
				D1063BE61C55E46D005C3C7D /* reset_maple.py */,
				D1063BE71C55E46D005C3C7D /* reset_1200.py */,
				D1063BE81C55E46D005C3C7D /* embedXcode_prepare */,
				D1063BE91C55E46D005C3C7D /* embedXcode_check */,
				D1063BEA1C55E46D005C3C7D /* embedXcode_chrono */,
				D1063BEB1C55E46D005C3C7D /* TemplateIcon.icns */,
				D1063BEC1C55E46D005C3C7D /* uploader_izmir.sh */,
			);
			name = Utilities;
			sourceTree = "<group>";
		};
		D1063C021C55E4AB005C3C7D /* src */ = {
			isa = PBXGroup;
			children = (
				D1063C0C1C55E67E005C3C7D /* drivers */,
				D1063C031C55E545005C3C7D /* LinearControllers.cpp */,
				D1063C041C55E545005C3C7D /* LinearControllers.h */,
				D116DC251C602FDC008E8268 /* Vector.h */,
				D1063C061C55E624005C3C7D /* Flight.cpp */,
				D1063C071C55E624005C3C7D /* Flight.h */,
				D1063C101C55E6E8005C3C7D /* gpio.cpp */,
				D1063C111C55E6E8005C3C7D /* gpio.h */,
			);
			name = src;
			sourceTree = "<group>";
		};
		D1063C0C1C55E67E005C3C7D /* drivers */ = {
			isa = PBXGroup;
			children = (
				D1063C131C55E7F7005C3C7D /* I2Cdev.cpp */,
				D1063C141C55E7F7005C3C7D /* I2Cdev.h */,
				D1063C151C55E7F7005C3C7D /* MadgwickAHRS.c */,
				D1063C161C55E7F7005C3C7D /* MadgwickAHRS.h */,
				D1063C171C55E7F7005C3C7D /* MPU9250.cpp */,
				D1063C181C55E7F7005C3C7D /* MPU9250.h */,
			);
			name = drivers;
			sourceTree = "<group>";
		};
/* End PBXGroup section */

/* Begin PBXLegacyTarget section */
		D1063B671C55E46D005C3C7D /* All */ = {
			isa = PBXLegacyTarget;
			buildArgumentsString = "all -C \"$(PROJECT)\"";
			buildConfigurationList = D1063BF01C55E46D005C3C7D /* Build configuration list for PBXLegacyTarget "All" */;
			buildPhases = (
			);
			buildToolPath = make;
			dependencies = (
			);
			name = All;
			passBuildSettingsInEnvironment = 1;
			productName = All;
		};
		D1063B681C55E46D005C3C7D /* Build */ = {
			isa = PBXLegacyTarget;
			buildArgumentsString = "build -C \"$(PROJECT)\"";
			buildConfigurationList = D1063BF31C55E46D005C3C7D /* Build configuration list for PBXLegacyTarget "Build" */;
			buildPhases = (
			);
			buildToolPath = make;
			dependencies = (
			);
			name = Build;
			passBuildSettingsInEnvironment = 1;
			productName = Build;
		};
		D1063B691C55E46D005C3C7D /* Boards */ = {
			isa = PBXLegacyTarget;
			buildArgumentsString = "boards -C \"$(PROJECT)\"";
			buildConfigurationList = D1063BF61C55E46D005C3C7D /* Build configuration list for PBXLegacyTarget "Boards" */;
			buildPhases = (
			);
			buildToolPath = make;
			dependencies = (
			);
			name = Boards;
			passBuildSettingsInEnvironment = 1;
			productName = Boards;
		};
		D1063B6A1C55E46D005C3C7D /* Serial */ = {
			isa = PBXLegacyTarget;
			buildArgumentsString = "serial -C \"$(PROJECT)\"";
			buildConfigurationList = D1063BF91C55E46D005C3C7D /* Build configuration list for PBXLegacyTarget "Serial" */;
			buildPhases = (
			);
			buildToolPath = make;
			dependencies = (
			);
			name = Serial;
			passBuildSettingsInEnvironment = 1;
			productName = Serial;
		};
		D1063B6B1C55E46D005C3C7D /* Upload */ = {
			isa = PBXLegacyTarget;
			buildArgumentsString = "upload -C \"$(PROJECT)\"";
			buildConfigurationList = D1063BFC1C55E46D005C3C7D /* Build configuration list for PBXLegacyTarget "Upload" */;
			buildPhases = (
			);
			buildToolPath = make;
			dependencies = (
			);
			name = Upload;
			passBuildSettingsInEnvironment = 1;
			productName = Upload;
		};
/* End PBXLegacyTarget section */

/* Begin PBXNativeTarget section */
		D1063B6D1C55E46D005C3C7D /* Index */ = {
			isa = PBXNativeTarget;
			buildConfigurationList = D1063BFF1C55E46D005C3C7D /* Build configuration list for PBXNativeTarget "Index" */;
			buildPhases = (
				D1063B6C1C55E46D005C3C7D /* Sources */,
			);
			buildRules = (
			);
			dependencies = (
			);
			name = Index;
			productName = Index;
			productReference = D1063B6E1C55E46D005C3C7D /* Index */;
			productType = "com.apple.product-type.tool";
		};
/* End PBXNativeTarget section */

/* Begin PBXProject section */
		D1063B631C55E46D005C3C7D /* Project object */ = {
			isa = PBXProject;
			attributes = {
				LastUpgradeCheck = 0720;
				ORGANIZATIONNAME = "Sage Thayer";
				TargetAttributes = {
					D1063B671C55E46D005C3C7D = {
						CreatedOnToolsVersion = 7.2;
					};
					D1063B681C55E46D005C3C7D = {
						CreatedOnToolsVersion = 7.2;
					};
					D1063B691C55E46D005C3C7D = {
						CreatedOnToolsVersion = 7.2;
					};
					D1063B6A1C55E46D005C3C7D = {
						CreatedOnToolsVersion = 7.2;
					};
					D1063B6B1C55E46D005C3C7D = {
						CreatedOnToolsVersion = 7.2;
					};
					D1063B6D1C55E46D005C3C7D = {
						CreatedOnToolsVersion = 7.2;
					};
				};
			};
			buildConfigurationList = D1063B661C55E46D005C3C7D /* Build configuration list for PBXProject "Solar Airplane" */;
			compatibilityVersion = "Xcode 3.2";
			developmentRegion = English;
			hasScannedForEncodings = 0;
			knownRegions = (
				en,
			);
			mainGroup = D1063B621C55E46D005C3C7D;
			productRefGroup = D1063B6F1C55E46D005C3C7D /* Products */;
			projectDirPath = "";
			projectRoot = "";
			targets = (
				D1063B671C55E46D005C3C7D /* All */,
				D1063B681C55E46D005C3C7D /* Build */,
				D1063B691C55E46D005C3C7D /* Boards */,
				D1063B6A1C55E46D005C3C7D /* Serial */,
				D1063B6B1C55E46D005C3C7D /* Upload */,
				D1063B6D1C55E46D005C3C7D /* Index */,
			);
		};
/* End PBXProject section */

/* Begin PBXSourcesBuildPhase section */
		D1063B6C1C55E46D005C3C7D /* Sources */ = {
			isa = PBXSourcesBuildPhase;
			buildActionMask = 2147483647;
			files = (
				D1063C051C55E545005C3C7D /* LinearControllers.cpp in Sources */,
				D1063C081C55E624005C3C7D /* Flight.cpp in Sources */,
				D1063C191C55E7F7005C3C7D /* I2Cdev.cpp in Sources */,
				D1063C1A1C55E7F7005C3C7D /* MadgwickAHRS.c in Sources */,
				D1063B741C55E46D005C3C7D /* Makefile in Sources */,
				D1063C121C55E6E8005C3C7D /* gpio.cpp in Sources */,
				D1063C1B1C55E7F7005C3C7D /* MPU9250.cpp in Sources */,
				D1063B721C55E46D005C3C7D /* main.cpp in Sources */,
			);
			runOnlyForDeploymentPostprocessing = 0;
		};
/* End PBXSourcesBuildPhase section */

/* Begin XCBuildConfiguration section */
		D1063BEE1C55E46D005C3C7D /* Debug */ = {
			isa = XCBuildConfiguration;
			baseConfigurationReference = D1063BC01C55E46D005C3C7D /* Teensy 3.1.xcconfig */;
			buildSettings = {
				ALWAYS_SEARCH_USER_PATHS = NO;
				CLANG_CXX_LANGUAGE_STANDARD = "gnu++0x";
				CLANG_CXX_LIBRARY = "libc++";
				CLANG_ENABLE_MODULES = YES;
				CLANG_ENABLE_OBJC_ARC = YES;
				CLANG_WARN_BOOL_CONVERSION = YES;
				CLANG_WARN_CONSTANT_CONVERSION = YES;
				CLANG_WARN_DIRECT_OBJC_ISA_USAGE = YES_ERROR;
				CLANG_WARN_EMPTY_BODY = YES;
				CLANG_WARN_ENUM_CONVERSION = YES;
				CLANG_WARN_INT_CONVERSION = YES;
				CLANG_WARN_OBJC_ROOT_CLASS = YES_ERROR;
				CLANG_WARN_UNREACHABLE_CODE = YES;
				CLANG_WARN__DUPLICATE_METHOD_MATCH = YES;
				COPY_PHASE_STRIP = NO;
				DEBUG_INFORMATION_FORMAT = dwarf;
				ENABLE_STRICT_OBJC_MSGSEND = YES;
				ENABLE_TESTABILITY = YES;
				GCC_C_LANGUAGE_STANDARD = gnu99;
				GCC_DYNAMIC_NO_PIC = NO;
				GCC_NO_COMMON_BLOCKS = YES;
				GCC_OPTIMIZATION_LEVEL = 0;
				GCC_PREPROCESSOR_DEFINITIONS = (
					"DEBUG=1",
					"$(inherited)",
				);
				GCC_WARN_64_TO_32_BIT_CONVERSION = YES;
				GCC_WARN_ABOUT_RETURN_TYPE = YES_ERROR;
				GCC_WARN_UNDECLARED_SELECTOR = YES;
				GCC_WARN_UNINITIALIZED_AUTOS = YES_AGGRESSIVE;
				GCC_WARN_UNUSED_FUNCTION = YES;
				GCC_WARN_UNUSED_VARIABLE = YES;
				HEADER_SEARCH_PATHS = "$(inherited)";
				MTL_ENABLE_DEBUG_INFO = YES;
				ONLY_ACTIVE_ARCH = YES;
				PATH = "$(PATH):$(PROJECT_DIR)";
				PRODUCT_NAME = "$(TARGET_NAME)";
				SKETCHBOOK_DIR = "";
				UPDATE_POLICY = 0;
			};
			name = Debug;
		};
		D1063BEF1C55E46D005C3C7D /* Release */ = {
			isa = XCBuildConfiguration;
			buildSettings = {
				ALWAYS_SEARCH_USER_PATHS = NO;
				CLANG_CXX_LANGUAGE_STANDARD = "gnu++0x";
				CLANG_CXX_LIBRARY = "libc++";
				CLANG_ENABLE_MODULES = YES;
				CLANG_ENABLE_OBJC_ARC = YES;
				CLANG_WARN_BOOL_CONVERSION = YES;
				CLANG_WARN_CONSTANT_CONVERSION = YES;
				CLANG_WARN_DIRECT_OBJC_ISA_USAGE = YES_ERROR;
				CLANG_WARN_EMPTY_BODY = YES;
				CLANG_WARN_ENUM_CONVERSION = YES;
				CLANG_WARN_INT_CONVERSION = YES;
				CLANG_WARN_OBJC_ROOT_CLASS = YES_ERROR;
				CLANG_WARN_UNREACHABLE_CODE = YES;
				CLANG_WARN__DUPLICATE_METHOD_MATCH = YES;
				COPY_PHASE_STRIP = NO;
				DEBUG_INFORMATION_FORMAT = "dwarf-with-dsym";
				ENABLE_NS_ASSERTIONS = NO;
				ENABLE_STRICT_OBJC_MSGSEND = YES;
				GCC_C_LANGUAGE_STANDARD = gnu99;
				GCC_NO_COMMON_BLOCKS = YES;
				GCC_WARN_64_TO_32_BIT_CONVERSION = YES;
				GCC_WARN_ABOUT_RETURN_TYPE = YES_ERROR;
				GCC_WARN_UNDECLARED_SELECTOR = YES;
				GCC_WARN_UNINITIALIZED_AUTOS = YES_AGGRESSIVE;
				GCC_WARN_UNUSED_FUNCTION = YES;
				GCC_WARN_UNUSED_VARIABLE = YES;
				HEADER_SEARCH_PATHS = "$(inherited)";
				MTL_ENABLE_DEBUG_INFO = NO;
				PATH = "$(PATH):$(PROJECT_DIR)";
				PRODUCT_NAME = "$(TARGET_NAME)";
				SKETCHBOOK_DIR = "";
				UPDATE_POLICY = 0;
			};
			name = Release;
		};
		D1063BF11C55E46D005C3C7D /* Debug */ = {
			isa = XCBuildConfiguration;
			buildSettings = {
				PRODUCT_NAME = "$(TARGET_NAME)";
			};
			name = Debug;
		};
		D1063BF21C55E46D005C3C7D /* Release */ = {
			isa = XCBuildConfiguration;
			buildSettings = {
				PRODUCT_NAME = "$(TARGET_NAME)";
			};
			name = Release;
		};
		D1063BF41C55E46D005C3C7D /* Debug */ = {
			isa = XCBuildConfiguration;
			buildSettings = {
			};
			name = Debug;
		};
		D1063BF51C55E46D005C3C7D /* Release */ = {
			isa = XCBuildConfiguration;
			buildSettings = {
			};
			name = Release;
		};
		D1063BF71C55E46D005C3C7D /* Debug */ = {
			isa = XCBuildConfiguration;
			buildSettings = {
			};
			name = Debug;
		};
		D1063BF81C55E46D005C3C7D /* Release */ = {
			isa = XCBuildConfiguration;
			buildSettings = {
			};
			name = Release;
		};
		D1063BFA1C55E46D005C3C7D /* Debug */ = {
			isa = XCBuildConfiguration;
			buildSettings = {
			};
			name = Debug;
		};
		D1063BFB1C55E46D005C3C7D /* Release */ = {
			isa = XCBuildConfiguration;
			buildSettings = {
			};
			name = Release;
		};
		D1063BFD1C55E46D005C3C7D /* Debug */ = {
			isa = XCBuildConfiguration;
			buildSettings = {
			};
			name = Debug;
		};
		D1063BFE1C55E46D005C3C7D /* Release */ = {
			isa = XCBuildConfiguration;
			buildSettings = {
			};
			name = Release;
		};
		D1063C001C55E46D005C3C7D /* Debug */ = {
			isa = XCBuildConfiguration;
			buildSettings = {
			};
			name = Debug;
		};
		D1063C011C55E46D005C3C7D /* Release */ = {
			isa = XCBuildConfiguration;
			buildSettings = {
			};
			name = Release;
		};
/* End XCBuildConfiguration section */

/* Begin XCConfigurationList section */
		D1063B661C55E46D005C3C7D /* Build configuration list for PBXProject "Solar Airplane" */ = {
			isa = XCConfigurationList;
			buildConfigurations = (
				D1063BEE1C55E46D005C3C7D /* Debug */,
				D1063BEF1C55E46D005C3C7D /* Release */,
			);
			defaultConfigurationIsVisible = 0;
			defaultConfigurationName = Release;
		};
		D1063BF01C55E46D005C3C7D /* Build configuration list for PBXLegacyTarget "All" */ = {
			isa = XCConfigurationList;
			buildConfigurations = (
				D1063BF11C55E46D005C3C7D /* Debug */,
				D1063BF21C55E46D005C3C7D /* Release */,
			);
			defaultConfigurationIsVisible = 0;
			defaultConfigurationName = Release;
		};
		D1063BF31C55E46D005C3C7D /* Build configuration list for PBXLegacyTarget "Build" */ = {
			isa = XCConfigurationList;
			buildConfigurations = (
				D1063BF41C55E46D005C3C7D /* Debug */,
				D1063BF51C55E46D005C3C7D /* Release */,
			);
			defaultConfigurationIsVisible = 0;
			defaultConfigurationName = Release;
		};
		D1063BF61C55E46D005C3C7D /* Build configuration list for PBXLegacyTarget "Boards" */ = {
			isa = XCConfigurationList;
			buildConfigurations = (
				D1063BF71C55E46D005C3C7D /* Debug */,
				D1063BF81C55E46D005C3C7D /* Release */,
			);
			defaultConfigurationIsVisible = 0;
			defaultConfigurationName = Release;
		};
		D1063BF91C55E46D005C3C7D /* Build configuration list for PBXLegacyTarget "Serial" */ = {
			isa = XCConfigurationList;
			buildConfigurations = (
				D1063BFA1C55E46D005C3C7D /* Debug */,
				D1063BFB1C55E46D005C3C7D /* Release */,
			);
			defaultConfigurationIsVisible = 0;
			defaultConfigurationName = Release;
		};
		D1063BFC1C55E46D005C3C7D /* Build configuration list for PBXLegacyTarget "Upload" */ = {
			isa = XCConfigurationList;
			buildConfigurations = (
				D1063BFD1C55E46D005C3C7D /* Debug */,
				D1063BFE1C55E46D005C3C7D /* Release */,
			);
			defaultConfigurationIsVisible = 0;
			defaultConfigurationName = Release;
		};
		D1063BFF1C55E46D005C3C7D /* Build configuration list for PBXNativeTarget "Index" */ = {
			isa = XCConfigurationList;
			buildConfigurations = (
				D1063C001C55E46D005C3C7D /* Debug */,
				D1063C011C55E46D005C3C7D /* Release */,
			);
			defaultConfigurationIsVisible = 0;
			defaultConfigurationName = Release;
		};
/* End XCConfigurationList section */
	};
	rootObject = D1063B631C55E46D005C3C7D /* Project object */;
}
